
Microsoft Visual Studio Solution File, Format Version 12.00
# Visual Studio Version 16
VisualStudioVersion = 16.0.29728.190
MinimumVisualStudioVersion = 10.0.40219.1
Project("{2150E333-8FDC-42A3-9474-1A3956D46DE8}") = "Data", "Data", "{6F0D60CD-333B-4776-A747-8D696F46DACC}"
EndProject
Project("{2150E333-8FDC-42A3-9474-1A3956D46DE8}") = "Business", "Business", "{2B4911A8-86BF-4E76-B8BF-0A43E38AF2B3}"
EndProject
Project("{2150E333-8FDC-42A3-9474-1A3956D46DE8}") = "Presentation", "Presentation", "{C8E98073-EF0C-4579-A7F8-D0383BBB290B}"
EndProject
Project("{2150E333-8FDC-42A3-9474-1A3956D46DE8}") = "Api", "Api", "{840EFCA9-A560-4BB8-9800-003061EEAD91}"
EndProject
Project("{FAE04EC0-301F-11D3-BF4B-00C04F79EFBC}") = "ControlSRC", "ControlSRC\ControlSRC.csproj", "{283A342B-DAAE-40D2-A7E7-FBA61B4A48E0}"
EndProject
Project("{9A19103F-16F7-4668-BE54-9A1E7A4F7556}") = "_AutoParkData", "_AutoParkData\_AutoParkData.csproj", "{5C441F01-4A13-4FFA-90C3-E3D47CD1653F}"
EndProject
Project("{9A19103F-16F7-4668-BE54-9A1E7A4F7556}") = "_AutoParkApi", "_AutoParkApi\_AutoParkApi.csproj", "{506461AF-D153-44FB-9A03-1326975AD029}"
EndProject
Project("{FAE04EC0-301F-11D3-BF4B-00C04F79EFBC}") = "_AutoParkProcessor", "_AutoParkProcessor\_AutoParkProcessor.csproj", "{859B4802-2937-4111-9516-BD55F975412F}"
EndProject
Project("{9A19103F-16F7-4668-BE54-9A1E7A4F7556}") = "_AutoCarPark", "_AutoCarPark\_AutoCarPark.csproj", "{A2396262-BA94-469C-9244-64FB059F7652}"
EndProject
Project("{9A19103F-16F7-4668-BE54-9A1E7A4F7556}") = "DataAccess", "DataAccess\DataAccess.csproj", "{6AA4E03D-597B-4010-B73D-CBDED34B46F6}"
EndProject
Project("{9A19103F-16F7-4668-BE54-9A1E7A4F7556}") = "_Business", "_Business\_Business.csproj", "{67D6A1A5-8719-4EC0-AABF-7E45B677C617}"
EndProject
Global
	GlobalSection(SolutionConfigurationPlatforms) = preSolution
		Debug|Any CPU = Debug|Any CPU
		Debug|x64 = Debug|x64
		Release|Any CPU = Release|Any CPU
		Release|x64 = Release|x64
	EndGlobalSection
	GlobalSection(ProjectConfigurationPlatforms) = postSolution
		{283A342B-DAAE-40D2-A7E7-FBA61B4A48E0}.Debug|Any CPU.ActiveCfg = Debug|Any CPU
		{283A342B-DAAE-40D2-A7E7-FBA61B4A48E0}.Debug|Any CPU.Build.0 = Debug|Any CPU
		{283A342B-DAAE-40D2-A7E7-FBA61B4A48E0}.Debug|x64.ActiveCfg = Debug|x64
		{283A342B-DAAE-40D2-A7E7-FBA61B4A48E0}.Debug|x64.Build.0 = Debug|x64
		{283A342B-DAAE-40D2-A7E7-FBA61B4A48E0}.Release|Any CPU.ActiveCfg = Release|Any CPU
		{283A342B-DAAE-40D2-A7E7-FBA61B4A48E0}.Release|Any CPU.Build.0 = Release|Any CPU
		{283A342B-DAAE-40D2-A7E7-FBA61B4A48E0}.Release|x64.ActiveCfg = Release|x64
		{283A342B-DAAE-40D2-A7E7-FBA61B4A48E0}.Release|x64.Build.0 = Release|x64
		{5C441F01-4A13-4FFA-90C3-E3D47CD1653F}.Debug|Any CPU.ActiveCfg = Debug|Any CPU
		{5C441F01-4A13-4FFA-90C3-E3D47CD1653F}.Debug|Any CPU.Build.0 = Debug|Any CPU
		{5C441F01-4A13-4FFA-90C3-E3D47CD1653F}.Debug|x64.ActiveCfg = Debug|Any CPU
		{5C441F01-4A13-4FFA-90C3-E3D47CD1653F}.Debug|x64.Build.0 = Debug|Any CPU
		{5C441F01-4A13-4FFA-90C3-E3D47CD1653F}.Release|Any CPU.ActiveCfg = Release|Any CPU
		{5C441F01-4A13-4FFA-90C3-E3D47CD1653F}.Release|Any CPU.Build.0 = Release|Any CPU
		{5C441F01-4A13-4FFA-90C3-E3D47CD1653F}.Release|x64.ActiveCfg = Release|Any CPU
		{5C441F01-4A13-4FFA-90C3-E3D47CD1653F}.Release|x64.Build.0 = Release|Any CPU
		{506461AF-D153-44FB-9A03-1326975AD029}.Debug|Any CPU.ActiveCfg = Debug|Any CPU
		{506461AF-D153-44FB-9A03-1326975AD029}.Debug|Any CPU.Build.0 = Debug|Any CPU
		{506461AF-D153-44FB-9A03-1326975AD029}.Debug|x64.ActiveCfg = Debug|Any CPU
		{506461AF-D153-44FB-9A03-1326975AD029}.Debug|x64.Build.0 = Debug|Any CPU
		{506461AF-D153-44FB-9A03-1326975AD029}.Release|Any CPU.ActiveCfg = Release|Any CPU
		{506461AF-D153-44FB-9A03-1326975AD029}.Release|Any CPU.Build.0 = Release|Any CPU
		{506461AF-D153-44FB-9A03-1326975AD029}.Release|x64.ActiveCfg = Release|Any CPU
		{506461AF-D153-44FB-9A03-1326975AD029}.Release|x64.Build.0 = Release|Any CPU
		{859B4802-2937-4111-9516-BD55F975412F}.Debug|Any CPU.ActiveCfg = Debug|Any CPU
		{859B4802-2937-4111-9516-BD55F975412F}.Debug|Any CPU.Build.0 = Debug|Any CPU
		{859B4802-2937-4111-9516-BD55F975412F}.Debug|x64.ActiveCfg = Debug|Any CPU
		{859B4802-2937-4111-9516-BD55F975412F}.Debug|x64.Build.0 = Debug|Any CPU
		{859B4802-2937-4111-9516-BD55F975412F}.Release|Any CPU.ActiveCfg = Release|Any CPU
		{859B4802-2937-4111-9516-BD55F975412F}.Release|Any CPU.Build.0 = Release|Any CPU
		{859B4802-2937-4111-9516-BD55F975412F}.Release|x64.ActiveCfg = Release|Any CPU
		{859B4802-2937-4111-9516-BD55F975412F}.Release|x64.Build.0 = Release|Any CPU
		{A2396262-BA94-469C-9244-64FB059F7652}.Debug|Any CPU.ActiveCfg = Debug|Any CPU
		{A2396262-BA94-469C-9244-64FB059F7652}.Debug|Any CPU.Build.0 = Debug|Any CPU
		{A2396262-BA94-469C-9244-64FB059F7652}.Debug|x64.ActiveCfg = Debug|Any CPU
		{A2396262-BA94-469C-9244-64FB059F7652}.Debug|x64.Build.0 = Debug|Any CPU
		{A2396262-BA94-469C-9244-64FB059F7652}.Release|Any CPU.ActiveCfg = Release|Any CPU
		{A2396262-BA94-469C-9244-64FB059F7652}.Release|Any CPU.Build.0 = Release|Any CPU
		{A2396262-BA94-469C-9244-64FB059F7652}.Release|x64.ActiveCfg = Release|Any CPU
		{A2396262-BA94-469C-9244-64FB059F7652}.Release|x64.Build.0 = Release|Any CPU
		{6AA4E03D-597B-4010-B73D-CBDED34B46F6}.Debug|Any CPU.ActiveCfg = Debug|Any CPU
		{6AA4E03D-597B-4010-B73D-CBDED34B46F6}.Debug|Any CPU.Build.0 = Debug|Any CPU
		{6AA4E03D-597B-4010-B73D-CBDED34B46F6}.Debug|x64.ActiveCfg = Debug|Any CPU
		{6AA4E03D-597B-4010-B73D-CBDED34B46F6}.Debug|x64.Build.0 = Debug|Any CPU
		{6AA4E03D-597B-4010-B73D-CBDED34B46F6}.Release|Any CPU.ActiveCfg = Release|Any CPU
		{6AA4E03D-597B-4010-B73D-CBDED34B46F6}.Release|Any CPU.Build.0 = Release|Any CPU
		{6AA4E03D-597B-4010-B73D-CBDED34B46F6}.Release|x64.ActiveCfg = Release|Any CPU
		{6AA4E03D-597B-4010-B73D-CBDED34B46F6}.Release|x64.Build.0 = Release|Any CPU
		{67D6A1A5-8719-4EC0-AABF-7E45B677C617}.Debug|Any CPU.ActiveCfg = Debug|Any CPU
		{67D6A1A5-8719-4EC0-AABF-7E45B677C617}.Debug|Any CPU.Build.0 = Debug|Any CPU
		{67D6A1A5-8719-4EC0-AABF-7E45B677C617}.Debug|x64.ActiveCfg = Debug|Any CPU
		{67D6A1A5-8719-4EC0-AABF-7E45B677C617}.Debug|x64.Build.0 = Debug|Any CPU
		{67D6A1A5-8719-4EC0-AABF-7E45B677C617}.Release|Any CPU.ActiveCfg = Release|Any CPU
		{67D6A1A5-8719-4EC0-AABF-7E45B677C617}.Release|Any CPU.Build.0 = Release|Any CPU
		{67D6A1A5-8719-4EC0-AABF-7E45B677C617}.Release|x64.ActiveCfg = Release|Any CPU
		{67D6A1A5-8719-4EC0-AABF-7E45B677C617}.Release|x64.Build.0 = Release|Any CPU
	EndGlobalSection
	GlobalSection(SolutionProperties) = preSolution
		HideSolutionNode = FALSE
	EndGlobalSection
	GlobalSection(NestedProjects) = preSolution
		{283A342B-DAAE-40D2-A7E7-FBA61B4A48E0} = {C8E98073-EF0C-4579-A7F8-D0383BBB290B}
		{5C441F01-4A13-4FFA-90C3-E3D47CD1653F} = {6F0D60CD-333B-4776-A747-8D696F46DACC}
		{506461AF-D153-44FB-9A03-1326975AD029} = {840EFCA9-A560-4BB8-9800-003061EEAD91}
		{859B4802-2937-4111-9516-BD55F975412F} = {2B4911A8-86BF-4E76-B8BF-0A43E38AF2B3}
		{67D6A1A5-8719-4EC0-AABF-7E45B677C617} = {2B4911A8-86BF-4E76-B8BF-0A43E38AF2B3}
	EndGlobalSection
	GlobalSection(ExtensibilityGlobals) = postSolution
		SolutionGuid = {F3FBE1F4-0D38-4BF8-901A-9E1E4528644D}
	EndGlobalSection
EndGlobal
